
Microsoft Visual Studio Solution File, Format Version 12.00
# Visual Studio Version 17
VisualStudioVersion = 17.4.33205.214
MinimumVisualStudioVersion = 10.0.40219.1
Project("{FAE04EC0-301F-11D3-BF4B-00C04F79EFBC}") = "SupplierControlBackend", "SupplierControlBackend\SupplierControlBackend.csproj", "{5ADF0B76-76F8-460F-AA09-0DEF1752142C}"
EndProject
Global
	GlobalSection(SolutionConfigurationPlatforms) = preSolution
		Debug|Any CPU = Debug|Any CPU
		Release|Any CPU = Release|Any CPU
	EndGlobalSection
	GlobalSection(ProjectConfigurationPlatforms) = postSolution
		{5ADF0B76-76F8-460F-AA09-0DEF1752142C}.Debug|Any CPU.ActiveCfg = Debug|Any CPU
		{5ADF0B76-76F8-460F-AA09-0DEF1752142C}.Debug|Any CPU.Build.0 = Debug|Any CPU
		{5ADF0B76-76F8-460F-AA09-0DEF1752142C}.Release|Any CPU.ActiveCfg = Release|Any CPU
		{5ADF0B76-76F8-460F-AA09-0DEF1752142C}.Release|Any CPU.Build.0 = Release|Any CPU
	EndGlobalSection
	GlobalSection(SolutionProperties) = preSolution
		HideSolutionNode = FALSE
	EndGlobalSection
	GlobalSection(ExtensibilityGlobals) = postSolution
		SolutionGuid = {E9718446-41C2-4CA9-9CFD-3C601FBEFBA7}
	EndGlobalSection
EndGlobal
